
Microsoft Visual Studio Solution File, Format Version 12.00
# Visual Studio Version 17
VisualStudioVersion = 17.5.002.0
MinimumVisualStudioVersion = 10.0.40219.1
Project("{2150E333-8FDC-42A3-9474-1A3956D46DE8}") = "CsharpProjects", "CsharpProjects", "{B3C8298F-19F7-4378-A3E7-F1D9A8693147}"
EndProject
Project("{9A19103F-16F7-4668-BE54-9A1E7A4F7556}") = "TestProject", "CsharpProjects\TestProject\TestProject.csproj", "{3E162A65-677A-4698-AA49-3E8EE2C1B880}"
EndProject
Global
	GlobalSection(SolutionConfigurationPlatforms) = preSolution
		Debug|Any CPU = Debug|Any CPU
		Release|Any CPU = Release|Any CPU
	EndGlobalSection
	GlobalSection(ProjectConfigurationPlatforms) = postSolution
		{3E162A65-677A-4698-AA49-3E8EE2C1B880}.Debug|Any CPU.ActiveCfg = Debug|Any CPU
		{3E162A65-677A-4698-AA49-3E8EE2C1B880}.Debug|Any CPU.Build.0 = Debug|Any CPU
		{3E162A65-677A-4698-AA49-3E8EE2C1B880}.Release|Any CPU.ActiveCfg = Release|Any CPU
		{3E162A65-677A-4698-AA49-3E8EE2C1B880}.Release|Any CPU.Build.0 = Release|Any CPU
	EndGlobalSection
	GlobalSection(SolutionProperties) = preSolution
		HideSolutionNode = FALSE
	EndGlobalSection
	GlobalSection(NestedProjects) = preSolution
		{3E162A65-677A-4698-AA49-3E8EE2C1B880} = {B3C8298F-19F7-4378-A3E7-F1D9A8693147}
	EndGlobalSection
	GlobalSection(ExtensibilityGlobals) = postSolution
		SolutionGuid = {1B5750E2-34BD-45B5-8B64-C8FF24E257F4}
	EndGlobalSection
EndGlobal
